
Microsoft Visual Studio Solution File, Format Version 12.00
# Visual Studio 2012
Project("{FAE04EC0-301F-11D3-BF4B-00C04F79EFBC}") = "Emul8-Launcher", "Emul8-Launcher\Emul8-Launcher.csproj", "{C19B732A-ED08-49B4-A0D4-5CED3A851495}"
EndProject
Project("{FAE04EC0-301F-11D3-BF4B-00C04F79EFBC}") = "OptionsParser", "..\..\External\options-parser\OptionsParser.csproj", "{C56AABEF-C01E-493F-A65F-09A572FE9B2E}"
EndProject
Project("{FAE04EC0-301F-11D3-BF4B-00C04F79EFBC}") = "LaunchAttributes", "LaunchAttributes\LaunchAttributes.csproj", "{CC6D2193-B747-42F0-8F80-6569ED04338D}"
EndProject
Global
	GlobalSection(SolutionConfigurationPlatforms) = preSolution
		Debug|x86 = Debug|x86
		Release|x86 = Release|x86
	EndGlobalSection
	GlobalSection(ProjectConfigurationPlatforms) = postSolution
		{C19B732A-ED08-49B4-A0D4-5CED3A851495}.Debug|x86.ActiveCfg = Debug|x86
		{C19B732A-ED08-49B4-A0D4-5CED3A851495}.Debug|x86.Build.0 = Debug|x86
		{C19B732A-ED08-49B4-A0D4-5CED3A851495}.Release|x86.ActiveCfg = Release|x86
		{C19B732A-ED08-49B4-A0D4-5CED3A851495}.Release|x86.Build.0 = Release|x86
		{C56AABEF-C01E-493F-A65F-09A572FE9B2E}.Debug|x86.ActiveCfg = Debug|Any CPU
		{C56AABEF-C01E-493F-A65F-09A572FE9B2E}.Debug|x86.Build.0 = Debug|Any CPU
		{C56AABEF-C01E-493F-A65F-09A572FE9B2E}.Release|x86.ActiveCfg = Release|Any CPU
		{C56AABEF-C01E-493F-A65F-09A572FE9B2E}.Release|x86.Build.0 = Release|Any CPU
		{CC6D2193-B747-42F0-8F80-6569ED04338D}.Debug|x86.ActiveCfg = Debug|Any CPU
		{CC6D2193-B747-42F0-8F80-6569ED04338D}.Debug|x86.Build.0 = Debug|Any CPU
		{CC6D2193-B747-42F0-8F80-6569ED04338D}.Release|x86.ActiveCfg = Release|Any CPU
		{CC6D2193-B747-42F0-8F80-6569ED04338D}.Release|x86.Build.0 = Release|Any CPU
	EndGlobalSection
EndGlobal
