
Microsoft Visual Studio Solution File, Format Version 12.00
# Visual Studio 2012
Project("{FAE04EC0-301F-11D3-BF4B-00C04F79EFBC}") = "Bootstrap", "Bootstrap.csproj", "{9E2072B6-BD8B-4081-B09E-DC09ACA5E38D}"
EndProject
Project("{FAE04EC0-301F-11D3-BF4B-00C04F79EFBC}") = "OptionsParser", "..\..\External\options-parser\OptionsParser.csproj", "{C56AABEF-C01E-493F-A65F-09A572FE9B2E}"
EndProject
Global
	GlobalSection(SolutionConfigurationPlatforms) = preSolution
		Debug|x86 = Debug|x86
		Release|x86 = Release|x86
	EndGlobalSection
	GlobalSection(ProjectConfigurationPlatforms) = postSolution
		{9E2072B6-BD8B-4081-B09E-DC09ACA5E38D}.Debug|x86.ActiveCfg = Debug|Any CPU
		{9E2072B6-BD8B-4081-B09E-DC09ACA5E38D}.Debug|x86.Build.0 = Debug|Any CPU
		{9E2072B6-BD8B-4081-B09E-DC09ACA5E38D}.Release|x86.ActiveCfg = Release|Any CPU
		{9E2072B6-BD8B-4081-B09E-DC09ACA5E38D}.Release|x86.Build.0 = Release|Any CPU
		{C56AABEF-C01E-493F-A65F-09A572FE9B2E}.Debug|x86.ActiveCfg = Debug|Any CPU
		{C56AABEF-C01E-493F-A65F-09A572FE9B2E}.Debug|x86.Build.0 = Debug|Any CPU
		{C56AABEF-C01E-493F-A65F-09A572FE9B2E}.Release|x86.ActiveCfg = Release|Any CPU
		{C56AABEF-C01E-493F-A65F-09A572FE9B2E}.Release|x86.Build.0 = Release|Any CPU
	EndGlobalSection
	GlobalSection(MonoDevelopProperties) = preSolution
		Policies = $0
		$0.TextStylePolicy = $1
		$1.inheritsSet = null
		$1.scope = text/x-csharp
		$0.CSharpFormattingPolicy = $2
		$2.StatementBraceStyle = NextLine
		$2.ElseNewLinePlacement = NewLine
		$2.CatchNewLinePlacement = NewLine
		$2.FinallyNewLinePlacement = NewLine
		$2.WhileNewLinePlacement = NewLine
		$2.BeforeMethodDeclarationParentheses = False
		$2.BeforeMethodCallParentheses = False
		$2.BeforeConstructorDeclarationParentheses = False
		$2.BeforeIndexerDeclarationBracket = False
		$2.BeforeDelegateDeclarationParentheses = False
		$2.AfterDelegateDeclarationParameterComma = True
		$2.NewParentheses = False
		$2.IfParentheses = False
		$2.WhileParentheses = False
		$2.ForParentheses = False
		$2.ForeachParentheses = False
		$2.CatchParentheses = False
		$2.SwitchParentheses = False
		$2.LockParentheses = False
		$2.UsingParentheses = False
		$2.SpacesBeforeBrackets = False
		$2.inheritsSet = Mono
		$2.inheritsScope = text/x-csharp
		$2.scope = text/x-csharp
		$0.TextStylePolicy = $3
		$3.FileWidth = 120
		$3.RemoveTrailingWhitespace = False
		$3.NoTabsAfterNonTabs = True
		$3.inheritsSet = VisualStudio
		$3.inheritsScope = text/plain
		$3.scope = text/plain
	EndGlobalSection
EndGlobal
