
Microsoft Visual Studio Solution File, Format Version 11.00
# Visual Studio 2010
Project("{FAE04EC0-301F-11D3-BF4B-00C04F79EFBC}") = "CommandDescriptionsGenerator", "CommandDescriptionsGenerator.csproj", "{3E02F734-64BD-4B2A-A591-46BB16F54E10}"
EndProject
Project("{FAE04EC0-301F-11D3-BF4B-00C04F79EFBC}") = "Emulator", "..\..\..\Emulator\Main\Emulator.csproj", "{2901AECB-A54F-4FD8-9AC1-033D86DC7257}"
EndProject
Project("{FAE04EC0-301F-11D3-BF4B-00C04F79EFBC}") = "AntShell", "..\..\..\External\AntShell\AntShell\AntShell.csproj", "{0A473566-F4C6-455E-A56E-B3963FBABDFF}"
EndProject
Project("{FAE04EC0-301F-11D3-BF4B-00C04F79EFBC}") = "Migrant", "..\..\..\External\Migrant\Migrant\Migrant.csproj", "{5F87C357-09FB-4F53-BE37-41FE5BD88957}"
EndProject
Project("{FAE04EC0-301F-11D3-BF4B-00C04F79EFBC}") = "PacketDotNet", "..\..\..\External\Packet.Net\PacketDotNet\PacketDotNet.csproj", "{55ABBA4C-AAF9-4726-A592-0C92436CEC92}"
EndProject
Project("{FAE04EC0-301F-11D3-BF4B-00C04F79EFBC}") = "Extensions", "..\..\..\Emulator\Extensions\Extensions.csproj", "{4C636FAF-4650-4088-8EA8-2FCCC225E9CF}"
EndProject
Project("{FAE04EC0-301F-11D3-BF4B-00C04F79EFBC}") = "ELFSharp", "..\..\..\External\ELFSharp\ELFSharp\ELFSharp.csproj", "{CF944E09-7C14-433C-A185-161848E989B3}"
EndProject
Project("{FAE04EC0-301F-11D3-BF4B-00C04F79EFBC}") = "FdtSharp", "..\..\..\External\FdtSharp\FdtSharp\FdtSharp.csproj", "{74FDB727-CC22-4E13-AF44-EE3E9C146D8A}"
EndProject
Project("{FAE04EC0-301F-11D3-BF4B-00C04F79EFBC}") = "Peripherals-generic", "..\..\..\Emulator\Peripherals\Peripherals-generic.csproj", "{66400796-0C5B-4386-A859-50A2AC3F3DB7}"
EndProject
Global
	GlobalSection(SolutionConfigurationPlatforms) = preSolution
		Debug|Any CPU = Debug|Any CPU
		Release|Any CPU = Release|Any CPU
	EndGlobalSection
	GlobalSection(ProjectConfigurationPlatforms) = postSolution
		{0A473566-F4C6-455E-A56E-B3963FBABDFF}.Debug|Any CPU.ActiveCfg = Debug|Any CPU
		{0A473566-F4C6-455E-A56E-B3963FBABDFF}.Debug|Any CPU.Build.0 = Debug|Any CPU
		{0A473566-F4C6-455E-A56E-B3963FBABDFF}.Release|Any CPU.ActiveCfg = Release|Any CPU
		{0A473566-F4C6-455E-A56E-B3963FBABDFF}.Release|Any CPU.Build.0 = Release|Any CPU
		{2901AECB-A54F-4FD8-9AC1-033D86DC7257}.Debug|Any CPU.ActiveCfg = Debug|Any CPU
		{2901AECB-A54F-4FD8-9AC1-033D86DC7257}.Debug|Any CPU.Build.0 = Debug|Any CPU
		{2901AECB-A54F-4FD8-9AC1-033D86DC7257}.Release|Any CPU.ActiveCfg = Release|Any CPU
		{2901AECB-A54F-4FD8-9AC1-033D86DC7257}.Release|Any CPU.Build.0 = Release|Any CPU
		{3E02F734-64BD-4B2A-A591-46BB16F54E10}.Debug|Any CPU.ActiveCfg = Debug|Any CPU
		{3E02F734-64BD-4B2A-A591-46BB16F54E10}.Debug|Any CPU.Build.0 = Debug|Any CPU
		{3E02F734-64BD-4B2A-A591-46BB16F54E10}.Release|Any CPU.ActiveCfg = Release|Any CPU
		{3E02F734-64BD-4B2A-A591-46BB16F54E10}.Release|Any CPU.Build.0 = Release|Any CPU
		{4C636FAF-4650-4088-8EA8-2FCCC225E9CF}.Debug|Any CPU.ActiveCfg = Debug|Any CPU
		{4C636FAF-4650-4088-8EA8-2FCCC225E9CF}.Debug|Any CPU.Build.0 = Debug|Any CPU
		{4C636FAF-4650-4088-8EA8-2FCCC225E9CF}.Release|Any CPU.ActiveCfg = Release|Any CPU
		{4C636FAF-4650-4088-8EA8-2FCCC225E9CF}.Release|Any CPU.Build.0 = Release|Any CPU
		{55ABBA4C-AAF9-4726-A592-0C92436CEC92}.Debug|Any CPU.ActiveCfg = Debug|Any CPU
		{55ABBA4C-AAF9-4726-A592-0C92436CEC92}.Debug|Any CPU.Build.0 = Debug|Any CPU
		{55ABBA4C-AAF9-4726-A592-0C92436CEC92}.Release|Any CPU.ActiveCfg = Release|Any CPU
		{55ABBA4C-AAF9-4726-A592-0C92436CEC92}.Release|Any CPU.Build.0 = Release|Any CPU
		{5F87C357-09FB-4F53-BE37-41FE5BD88957}.Debug|Any CPU.ActiveCfg = Debug|Any CPU
		{5F87C357-09FB-4F53-BE37-41FE5BD88957}.Debug|Any CPU.Build.0 = Debug|Any CPU
		{5F87C357-09FB-4F53-BE37-41FE5BD88957}.Release|Any CPU.ActiveCfg = Release|Any CPU
		{5F87C357-09FB-4F53-BE37-41FE5BD88957}.Release|Any CPU.Build.0 = Release|Any CPU
		{66400796-0C5B-4386-A859-50A2AC3F3DB7}.Debug|Any CPU.ActiveCfg = Debug|Any CPU
		{66400796-0C5B-4386-A859-50A2AC3F3DB7}.Debug|Any CPU.Build.0 = Debug|Any CPU
		{66400796-0C5B-4386-A859-50A2AC3F3DB7}.Release|Any CPU.ActiveCfg = Release|Any CPU
		{66400796-0C5B-4386-A859-50A2AC3F3DB7}.Release|Any CPU.Build.0 = Release|Any CPU
		{74FDB727-CC22-4E13-AF44-EE3E9C146D8A}.Debug|Any CPU.ActiveCfg = Debug|Any CPU
		{74FDB727-CC22-4E13-AF44-EE3E9C146D8A}.Debug|Any CPU.Build.0 = Debug|Any CPU
		{74FDB727-CC22-4E13-AF44-EE3E9C146D8A}.Release|Any CPU.ActiveCfg = Release|Any CPU
		{74FDB727-CC22-4E13-AF44-EE3E9C146D8A}.Release|Any CPU.Build.0 = Release|Any CPU
		{CF944E09-7C14-433C-A185-161848E989B3}.Debug|Any CPU.ActiveCfg = Debug|Any CPU
		{CF944E09-7C14-433C-A185-161848E989B3}.Debug|Any CPU.Build.0 = Debug|Any CPU
		{CF944E09-7C14-433C-A185-161848E989B3}.Release|Any CPU.ActiveCfg = Release|Any CPU
		{CF944E09-7C14-433C-A185-161848E989B3}.Release|Any CPU.Build.0 = Release|Any CPU
	EndGlobalSection
EndGlobal
